# THIS IS AN AUTOGENERATED FILE. DO NOT EDIT THIS FILE DIRECTLY.
# yarn lockfile v1


"@tiptap/extension-image@^2.9.1":
  version "2.9.1"
  resolved "https://registry.yarnpkg.com/@tiptap/extension-image/-/extension-image-2.9.1.tgz#774d8c43329920fb0f71df8eebacfeb9d1ddc823"
  integrity sha512-aGqJnsuS8oagIhsx7wetm8jw4NEDsOV0OSx4FQ4VPlUqWlnzK0N+erFKKJmXTdAxL8PGzoPSlITFH63MV3eV3Q==

"@tiptap/extension-youtube@^2.9.1":
  version "2.9.1"
  resolved "https://registry.yarnpkg.com/@tiptap/extension-youtube/-/extension-youtube-2.9.1.tgz#39e954efe10581936020b62c1180e410a2216802"
  integrity sha512-wGclckWIXCzzGMb2yN2LsfCEiJu2pMZaR6eRhHCiZWuewZeXNvlYIo73xNnR7JvwyLynwEA/VEb0jw4HMhOnrQ==
